
Microsoft Visual Studio Solution File, Format Version 12.00
# Visual Studio Version 16
VisualStudioVersion = 16.0.29001.49
MinimumVisualStudioVersion = 10.0.40219.1
Project("{8BC9CEB8-8B4A-11D0-8D11-00A0C91BC942}") = "OpenGL", "OpenGL\OpenGL.vcxproj", "{F2B670A2-28AB-4843-AAAE-2091F9ABE20A}"
EndProject
Global
	GlobalSection(SolutionConfigurationPlatforms) = preSolution
		Debug|x64 = Debug|x64
		Release|x64 = Release|x64
	EndGlobalSection
	GlobalSection(ProjectConfigurationPlatforms) = postSolution
		{F2B670A2-28AB-4843-AAAE-2091F9ABE20A}.Debug|x64.ActiveCfg = Debug|x64
		{F2B670A2-28AB-4843-AAAE-2091F9ABE20A}.Debug|x64.Build.0 = Debug|x64
		{F2B670A2-28AB-4843-AAAE-2091F9ABE20A}.Release|x64.ActiveCfg = Release|x64
		{F2B670A2-28AB-4843-AAAE-2091F9ABE20A}.Release|x64.Build.0 = Release|x64
	EndGlobalSection
	GlobalSection(SolutionProperties) = preSolution
		HideSolutionNode = FALSE
	EndGlobalSection
	GlobalSection(ExtensibilityGlobals) = postSolution
		SolutionGuid = {67FC0322-3A5F-45B5-879F-A795EBFA4043}
	EndGlobalSection
EndGlobal
